// !$*UTF8*$!
{
	archiveVersion = 1;
	classes = {
	};
	objectVersion = 46;
	objects = {

/* Begin PBXBuildFile section */
		4F11FD381F25D3F200BDAFBB /* main.m in Sources */ = {isa = PBXBuildFile; fileRef = 4F11FD371F25D3F200BDAFBB /* main.m */; };
		4F11FD3B1F25D3F200BDAFBB /* AppDelegate.m in Sources */ = {isa = PBXBuildFile; fileRef = 4F11FD3A1F25D3F200BDAFBB /* AppDelegate.m */; };
		4F11FD511F25D3F200BDAFBB /* SqliteModelTests.m in Sources */ = {isa = PBXBuildFile; fileRef = 4F11FD501F25D3F200BDAFBB /* SqliteModelTests.m */; };
		4F11FD5E1F25D41300BDAFBB /* SQLiteModel.mm in Sources */ = {isa = PBXBuildFile; fileRef = 4F11FD5D1F25D41300BDAFBB /* SQLiteModel.mm */; };
		4F11FD5F1F25D41300BDAFBB /* SQLiteModel.mm in Sources */ = {isa = PBXBuildFile; fileRef = 4F11FD5D1F25D41300BDAFBB /* SQLiteModel.mm */; };
		4F11FD631F25D41D00BDAFBB /* empty.sqlite in Resources */ = {isa = PBXBuildFile; fileRef = 4F11FD601F25D41D00BDAFBB /* empty.sqlite */; };
		4F11FD641F25D41D00BDAFBB /* empty.sqlite in Resources */ = {isa = PBXBuildFile; fileRef = 4F11FD601F25D41D00BDAFBB /* empty.sqlite */; };
		4F11FD651F25D41D00BDAFBB /* User.m in Sources */ = {isa = PBXBuildFile; fileRef = 4F11FD621F25D41D00BDAFBB /* User.m */; };
		4F11FD661F25D41D00BDAFBB /* User.m in Sources */ = {isa = PBXBuildFile; fileRef = 4F11FD621F25D41D00BDAFBB /* User.m */; };
		4F11FD691F25D43900BDAFBB /* libsqlite3.tbd in Frameworks */ = {isa = PBXBuildFile; fileRef = 4F11FD681F25D43900BDAFBB /* libsqlite3.tbd */; };
/* End PBXBuildFile section */

/* Begin PBXContainerItemProxy section */
		4F11FD4D1F25D3F200BDAFBB /* PBXContainerItemProxy */ = {
			isa = PBXContainerItemProxy;
			containerPortal = 4F11FD2B1F25D3F200BDAFBB /* Project object */;
			proxyType = 1;
			remoteGlobalIDString = 4F11FD321F25D3F200BDAFBB;
			remoteInfo = SqliteModel;
		};
/* End PBXContainerItemProxy section */

/* Begin PBXFileReference section */
		4F11FD331F25D3F200BDAFBB /* SqliteModel.app */ = {isa = PBXFileReference; explicitFileType = wrapper.application; includeInIndex = 0; path = SqliteModel.app; sourceTree = BUILT_PRODUCTS_DIR; };
		4F11FD371F25D3F200BDAFBB /* main.m */ = {isa = PBXFileReference; lastKnownFileType = sourcecode.c.objc; path = main.m; sourceTree = "<group>"; };
		4F11FD391F25D3F200BDAFBB /* AppDelegate.h */ = {isa = PBXFileReference; lastKnownFileType = sourcecode.c.h; path = AppDelegate.h; sourceTree = "<group>"; };
		4F11FD3A1F25D3F200BDAFBB /* AppDelegate.m */ = {isa = PBXFileReference; lastKnownFileType = sourcecode.c.objc; path = AppDelegate.m; sourceTree = "<group>"; };
		4F11FD471F25D3F200BDAFBB /* Info.plist */ = {isa = PBXFileReference; lastKnownFileType = text.plist.xml; path = Info.plist; sourceTree = "<group>"; };
		4F11FD4C1F25D3F200BDAFBB /* SqliteModelTests.xctest */ = {isa = PBXFileReference; explicitFileType = wrapper.cfbundle; includeInIndex = 0; path = SqliteModelTests.xctest; sourceTree = BUILT_PRODUCTS_DIR; };
		4F11FD501F25D3F200BDAFBB /* SqliteModelTests.m */ = {isa = PBXFileReference; lastKnownFileType = sourcecode.c.objc; path = SqliteModelTests.m; sourceTree = "<group>"; };
		4F11FD521F25D3F200BDAFBB /* Info.plist */ = {isa = PBXFileReference; lastKnownFileType = text.plist.xml; path = Info.plist; sourceTree = "<group>"; };
		4F11FD5C1F25D41300BDAFBB /* SQLiteModel.h */ = {isa = PBXFileReference; fileEncoding = 4; lastKnownFileType = sourcecode.c.h; path = SQLiteModel.h; sourceTree = "<group>"; };
		4F11FD5D1F25D41300BDAFBB /* SQLiteModel.mm */ = {isa = PBXFileReference; fileEncoding = 4; lastKnownFileType = sourcecode.cpp.objcpp; path = SQLiteModel.mm; sourceTree = "<group>"; };
		4F11FD601F25D41D00BDAFBB /* empty.sqlite */ = {isa = PBXFileReference; fileEncoding = 4; lastKnownFileType = text; path = empty.sqlite; sourceTree = "<group>"; };
		4F11FD611F25D41D00BDAFBB /* User.h */ = {isa = PBXFileReference; fileEncoding = 4; lastKnownFileType = sourcecode.c.h; path = User.h; sourceTree = "<group>"; };
		4F11FD621F25D41D00BDAFBB /* User.m */ = {isa = PBXFileReference; fileEncoding = 4; lastKnownFileType = sourcecode.c.objc; path = User.m; sourceTree = "<group>"; };
		4F11FD681F25D43900BDAFBB /* libsqlite3.tbd */ = {isa = PBXFileReference; lastKnownFileType = "sourcecode.text-based-dylib-definition"; name = libsqlite3.tbd; path = usr/lib/libsqlite3.tbd; sourceTree = SDKROOT; };
/* End PBXFileReference section */

/* Begin PBXFrameworksBuildPhase section */
		4F11FD301F25D3F200BDAFBB /* Frameworks */ = {
			isa = PBXFrameworksBuildPhase;
			buildActionMask = 2147483647;
			files = (
				4F11FD691F25D43900BDAFBB /* libsqlite3.tbd in Frameworks */,
			);
			runOnlyForDeploymentPostprocessing = 0;
		};
		4F11FD491F25D3F200BDAFBB /* Frameworks */ = {
			isa = PBXFrameworksBuildPhase;
			buildActionMask = 2147483647;
			files = (
			);
			runOnlyForDeploymentPostprocessing = 0;
		};
/* End PBXFrameworksBuildPhase section */

/* Begin PBXGroup section */
		4F11FD2A1F25D3F200BDAFBB = {
			isa = PBXGroup;
			children = (
				4F11FD5B1F25D41300BDAFBB /* Core */,
				4F11FD351F25D3F200BDAFBB /* SqliteModel */,
				4F11FD4F1F25D3F200BDAFBB /* SqliteModelTests */,
				4F11FD341F25D3F200BDAFBB /* Products */,
				4F11FD671F25D43900BDAFBB /* Frameworks */,
			);
			sourceTree = "<group>";
		};
		4F11FD341F25D3F200BDAFBB /* Products */ = {
			isa = PBXGroup;
			children = (
				4F11FD331F25D3F200BDAFBB /* SqliteModel.app */,
				4F11FD4C1F25D3F200BDAFBB /* SqliteModelTests.xctest */,
			);
			name = Products;
			sourceTree = "<group>";
		};
		4F11FD351F25D3F200BDAFBB /* SqliteModel */ = {
			isa = PBXGroup;
			children = (
				4F11FD391F25D3F200BDAFBB /* AppDelegate.h */,
				4F11FD3A1F25D3F200BDAFBB /* AppDelegate.m */,
				4F11FD601F25D41D00BDAFBB /* empty.sqlite */,
				4F11FD611F25D41D00BDAFBB /* User.h */,
				4F11FD621F25D41D00BDAFBB /* User.m */,
				4F11FD361F25D3F200BDAFBB /* Supporting Files */,
			);
			path = SqliteModel;
			sourceTree = "<group>";
		};
		4F11FD361F25D3F200BDAFBB /* Supporting Files */ = {
			isa = PBXGroup;
			children = (
				4F11FD471F25D3F200BDAFBB /* Info.plist */,
				4F11FD371F25D3F200BDAFBB /* main.m */,
			);
			name = "Supporting Files";
			sourceTree = "<group>";
		};
		4F11FD4F1F25D3F200BDAFBB /* SqliteModelTests */ = {
			isa = PBXGroup;
			children = (
				4F11FD501F25D3F200BDAFBB /* SqliteModelTests.m */,
				4F11FD521F25D3F200BDAFBB /* Info.plist */,
			);
			path = SqliteModelTests;
			sourceTree = "<group>";
		};
		4F11FD5B1F25D41300BDAFBB /* Core */ = {
			isa = PBXGroup;
			children = (
				4F11FD5C1F25D41300BDAFBB /* SQLiteModel.h */,
				4F11FD5D1F25D41300BDAFBB /* SQLiteModel.mm */,
			);
			path = Core;
			sourceTree = "<group>";
		};
		4F11FD671F25D43900BDAFBB /* Frameworks */ = {
			isa = PBXGroup;
			children = (
				4F11FD681F25D43900BDAFBB /* libsqlite3.tbd */,
			);
			name = Frameworks;
			sourceTree = "<group>";
		};
/* End PBXGroup section */

/* Begin PBXNativeTarget section */
		4F11FD321F25D3F200BDAFBB /* SqliteModel */ = {
			isa = PBXNativeTarget;
			buildConfigurationList = 4F11FD551F25D3F200BDAFBB /* Build configuration list for PBXNativeTarget "SqliteModel" */;
			buildPhases = (
				4F11FD2F1F25D3F200BDAFBB /* Sources */,
				4F11FD301F25D3F200BDAFBB /* Frameworks */,
				4F11FD311F25D3F200BDAFBB /* Resources */,
			);
			buildRules = (
			);
			dependencies = (
			);
			name = SqliteModel;
			productName = SqliteModel;
			productReference = 4F11FD331F25D3F200BDAFBB /* SqliteModel.app */;
			productType = "com.apple.product-type.application";
		};
		4F11FD4B1F25D3F200BDAFBB /* SqliteModelTests */ = {
			isa = PBXNativeTarget;
			buildConfigurationList = 4F11FD581F25D3F200BDAFBB /* Build configuration list for PBXNativeTarget "SqliteModelTests" */;
			buildPhases = (
				4F11FD481F25D3F200BDAFBB /* Sources */,
				4F11FD491F25D3F200BDAFBB /* Frameworks */,
				4F11FD4A1F25D3F200BDAFBB /* Resources */,
			);
			buildRules = (
			);
			dependencies = (
				4F11FD4E1F25D3F200BDAFBB /* PBXTargetDependency */,
			);
			name = SqliteModelTests;
			productName = SqliteModelTests;
			productReference = 4F11FD4C1F25D3F200BDAFBB /* SqliteModelTests.xctest */;
			productType = "com.apple.product-type.bundle.unit-test";
		};
/* End PBXNativeTarget section */

/* Begin PBXProject section */
		4F11FD2B1F25D3F200BDAFBB /* Project object */ = {
			isa = PBXProject;
			attributes = {
				LastUpgradeCheck = 0810;
				ORGANIZATIONNAME = danal;
				TargetAttributes = {
					4F11FD321F25D3F200BDAFBB = {
						CreatedOnToolsVersion = 8.1;
						ProvisioningStyle = Automatic;
					};
					4F11FD4B1F25D3F200BDAFBB = {
						CreatedOnToolsVersion = 8.1;
						ProvisioningStyle = Automatic;
						TestTargetID = 4F11FD321F25D3F200BDAFBB;
					};
				};
			};
			buildConfigurationList = 4F11FD2E1F25D3F200BDAFBB /* Build configuration list for PBXProject "SqliteModel" */;
			compatibilityVersion = "Xcode 3.2";
			developmentRegion = English;
			hasScannedForEncodings = 0;
			knownRegions = (
				en,
				Base,
			);
			mainGroup = 4F11FD2A1F25D3F200BDAFBB;
			productRefGroup = 4F11FD341F25D3F200BDAFBB /* Products */;
			projectDirPath = "";
			projectRoot = "";
			targets = (
				4F11FD321F25D3F200BDAFBB /* SqliteModel */,
				4F11FD4B1F25D3F200BDAFBB /* SqliteModelTests */,
			);
		};
/* End PBXProject section */

/* Begin PBXResourcesBuildPhase section */
		4F11FD311F25D3F200BDAFBB /* Resources */ = {
			isa = PBXResourcesBuildPhase;
			buildActionMask = 2147483647;
			files = (
				4F11FD631F25D41D00BDAFBB /* empty.sqlite in Resources */,
			);
			runOnlyForDeploymentPostprocessing = 0;
		};
		4F11FD4A1F25D3F200BDAFBB /* Resources */ = {
			isa = PBXResourcesBuildPhase;
			buildActionMask = 2147483647;
			files = (
				4F11FD641F25D41D00BDAFBB /* empty.sqlite in Resources */,
			);
			runOnlyForDeploymentPostprocessing = 0;
		};
/* End PBXResourcesBuildPhase section */

/* Begin PBXSourcesBuildPhase section */
		4F11FD2F1F25D3F200BDAFBB /* Sources */ = {
			isa = PBXSourcesBuildPhase;
			buildActionMask = 2147483647;
			files = (
				4F11FD651F25D41D00BDAFBB /* User.m in Sources */,
				4F11FD3B1F25D3F200BDAFBB /* AppDelegate.m in Sources */,
				4F11FD5E1F25D41300BDAFBB /* SQLiteModel.mm in Sources */,
				4F11FD381F25D3F200BDAFBB /* main.m in Sources */,
			);
			runOnlyForDeploymentPostprocessing = 0;
		};
		4F11FD481F25D3F200BDAFBB /* Sources */ = {
			isa = PBXSourcesBuildPhase;
			buildActionMask = 2147483647;
			files = (
				4F11FD5F1F25D41300BDAFBB /* SQLiteModel.mm in Sources */,
				4F11FD511F25D3F200BDAFBB /* SqliteModelTests.m in Sources */,
				4F11FD661F25D41D00BDAFBB /* User.m in Sources */,
			);
			runOnlyForDeploymentPostprocessing = 0;
		};
/* End PBXSourcesBuildPhase section */

/* Begin PBXTargetDependency section */
		4F11FD4E1F25D3F200BDAFBB /* PBXTargetDependency */ = {
			isa = PBXTargetDependency;
			target = 4F11FD321F25D3F200BDAFBB /* SqliteModel */;
			targetProxy = 4F11FD4D1F25D3F200BDAFBB /* PBXContainerItemProxy */;
		};
/* End PBXTargetDependency section */

/* Begin XCBuildConfiguration section */
		4F11FD531F25D3F200BDAFBB /* Debug */ = {
			isa = XCBuildConfiguration;
			buildSettings = {
				ALWAYS_SEARCH_USER_PATHS = NO;
				CLANG_ANALYZER_NONNULL = YES;
				CLANG_CXX_LANGUAGE_STANDARD = "gnu++0x";
				CLANG_CXX_LIBRARY = "libc++";
				CLANG_ENABLE_MODULES = YES;
				CLANG_ENABLE_OBJC_ARC = YES;
				CLANG_WARN_BOOL_CONVERSION = YES;
				CLANG_WARN_CONSTANT_CONVERSION = YES;
				CLANG_WARN_DIRECT_OBJC_ISA_USAGE = YES_ERROR;
				CLANG_WARN_DOCUMENTATION_COMMENTS = YES;
				CLANG_WARN_EMPTY_BODY = YES;
				CLANG_WARN_ENUM_CONVERSION = YES;
				CLANG_WARN_INFINITE_RECURSION = YES;
				CLANG_WARN_INT_CONVERSION = YES;
				CLANG_WARN_OBJC_ROOT_CLASS = YES_ERROR;
				CLANG_WARN_SUSPICIOUS_MOVES = YES;
				CLANG_WARN_UNREACHABLE_CODE = YES;
				CLANG_WARN__DUPLICATE_METHOD_MATCH = YES;
				"CODE_SIGN_IDENTITY[sdk=iphoneos*]" = "iPhone Developer";
				COPY_PHASE_STRIP = NO;
				DEBUG_INFORMATION_FORMAT = dwarf;
				ENABLE_STRICT_OBJC_MSGSEND = YES;
				ENABLE_TESTABILITY = YES;
				GCC_C_LANGUAGE_STANDARD = gnu99;
				GCC_DYNAMIC_NO_PIC = NO;
				GCC_NO_COMMON_BLOCKS = YES;
				GCC_OPTIMIZATION_LEVEL = 0;
				GCC_PREPROCESSOR_DEFINITIONS = (
					"DEBUG=1",
					"$(inherited)",
				);
				GCC_WARN_64_TO_32_BIT_CONVERSION = YES;
				GCC_WARN_ABOUT_RETURN_TYPE = YES_ERROR;
				GCC_WARN_UNDECLARED_SELECTOR = YES;
				GCC_WARN_UNINITIALIZED_AUTOS = YES_AGGRESSIVE;
				GCC_WARN_UNUSED_FUNCTION = YES;
				GCC_WARN_UNUSED_VARIABLE = YES;
				IPHONEOS_DEPLOYMENT_TARGET = 10.1;
				MTL_ENABLE_DEBUG_INFO = YES;
				ONLY_ACTIVE_ARCH = YES;
				SDKROOT = iphoneos;
				TARGETED_DEVICE_FAMILY = "1,2";
			};
			name = Debug;
		};
		4F11FD541F25D3F200BDAFBB /* Release */ = {
			isa = XCBuildConfiguration;
			buildSettings = {
				ALWAYS_SEARCH_USER_PATHS = NO;
				CLANG_ANALYZER_NONNULL = YES;
				CLANG_CXX_LANGUAGE_STANDARD = "gnu++0x";
				CLANG_CXX_LIBRARY = "libc++";
				CLANG_ENABLE_MODULES = YES;
				CLANG_ENABLE_OBJC_ARC = YES;
				CLANG_WARN_BOOL_CONVERSION = YES;
				CLANG_WARN_CONSTANT_CONVERSION = YES;
				CLANG_WARN_DIRECT_OBJC_ISA_USAGE = YES_ERROR;
				CLANG_WARN_DOCUMENTATION_COMMENTS = YES;
				CLANG_WARN_EMPTY_BODY = YES;
				CLANG_WARN_ENUM_CONVERSION = YES;
				CLANG_WARN_INFINITE_RECURSION = YES;
				CLANG_WARN_INT_CONVERSION = YES;
				CLANG_WARN_OBJC_ROOT_CLASS = YES_ERROR;
				CLANG_WARN_SUSPICIOUS_MOVES = YES;
				CLANG_WARN_UNREACHABLE_CODE = YES;
				CLANG_WARN__DUPLICATE_METHOD_MATCH = YES;
				"CODE_SIGN_IDENTITY[sdk=iphoneos*]" = "iPhone Developer";
				COPY_PHASE_STRIP = NO;
				DEBUG_INFORMATION_FORMAT = "dwarf-with-dsym";
				ENABLE_NS_ASSERTIONS = NO;
				ENABLE_STRICT_OBJC_MSGSEND = YES;
				GCC_C_LANGUAGE_STANDARD = gnu99;
				GCC_NO_COMMON_BLOCKS = YES;
				GCC_WARN_64_TO_32_BIT_CONVERSION = YES;
				GCC_WARN_ABOUT_RETURN_TYPE = YES_ERROR;
				GCC_WARN_UNDECLARED_SELECTOR = YES;
				GCC_WARN_UNINITIALIZED_AUTOS = YES_AGGRESSIVE;
				GCC_WARN_UNUSED_FUNCTION = YES;
				GCC_WARN_UNUSED_VARIABLE = YES;
				IPHONEOS_DEPLOYMENT_TARGET = 10.1;
				MTL_ENABLE_DEBUG_INFO = NO;
				SDKROOT = iphoneos;
				TARGETED_DEVICE_FAMILY = "1,2";
				VALIDATE_PRODUCT = YES;
			};
			name = Release;
		};
		4F11FD561F25D3F200BDAFBB /* Debug */ = {
			isa = XCBuildConfiguration;
			buildSettings = {
				ASSETCATALOG_COMPILER_APPICON_NAME = AppIcon;
				INFOPLIST_FILE = SqliteModel/Info.plist;
				IPHONEOS_DEPLOYMENT_TARGET = 8.0;
				LD_RUNPATH_SEARCH_PATHS = "$(inherited) @executable_path/Frameworks";
				PRODUCT_BUNDLE_IDENTIFIER = com.danal.SqliteModel;
				PRODUCT_NAME = "$(TARGET_NAME)";
			};
			name = Debug;
		};
		4F11FD571F25D3F200BDAFBB /* Release */ = {
			isa = XCBuildConfiguration;
			buildSettings = {
				ASSETCATALOG_COMPILER_APPICON_NAME = AppIcon;
				INFOPLIST_FILE = SqliteModel/Info.plist;
				IPHONEOS_DEPLOYMENT_TARGET = 8.0;
				LD_RUNPATH_SEARCH_PATHS = "$(inherited) @executable_path/Frameworks";
				PRODUCT_BUNDLE_IDENTIFIER = com.danal.SqliteModel;
				PRODUCT_NAME = "$(TARGET_NAME)";
			};
			name = Release;
		};
		4F11FD591F25D3F200BDAFBB /* Debug */ = {
			isa = XCBuildConfiguration;
			buildSettings = {
				BUNDLE_LOADER = "$(TEST_HOST)";
				INFOPLIST_FILE = SqliteModelTests/Info.plist;
				LD_RUNPATH_SEARCH_PATHS = "$(inherited) @executable_path/Frameworks @loader_path/Frameworks";
				PRODUCT_BUNDLE_IDENTIFIER = com.danal.SqliteModelTests;
				PRODUCT_NAME = "$(TARGET_NAME)";
				TEST_HOST = "$(BUILT_PRODUCTS_DIR)/SqliteModel.app/SqliteModel";
			};
			name = Debug;
		};
		4F11FD5A1F25D3F200BDAFBB /* Release */ = {
			isa = XCBuildConfiguration;
			buildSettings = {
				BUNDLE_LOADER = "$(TEST_HOST)";
				INFOPLIST_FILE = SqliteModelTests/Info.plist;
				LD_RUNPATH_SEARCH_PATHS = "$(inherited) @executable_path/Frameworks @loader_path/Frameworks";
				PRODUCT_BUNDLE_IDENTIFIER = com.danal.SqliteModelTests;
				PRODUCT_NAME = "$(TARGET_NAME)";
				TEST_HOST = "$(BUILT_PRODUCTS_DIR)/SqliteModel.app/SqliteModel";
			};
			name = Release;
		};
/* End XCBuildConfiguration section */

/* Begin XCConfigurationList section */
		4F11FD2E1F25D3F200BDAFBB /* Build configuration list for PBXProject "SqliteModel" */ = {
			isa = XCConfigurationList;
			buildConfigurations = (
				4F11FD531F25D3F200BDAFBB /* Debug */,
				4F11FD541F25D3F200BDAFBB /* Release */,
			);
			defaultConfigurationIsVisible = 0;
			defaultConfigurationName = Release;
		};
		4F11FD551F25D3F200BDAFBB /* Build configuration list for PBXNativeTarget "SqliteModel" */ = {
			isa = XCConfigurationList;
			buildConfigurations = (
				4F11FD561F25D3F200BDAFBB /* Debug */,
				4F11FD571F25D3F200BDAFBB /* Release */,
			);
			defaultConfigurationIsVisible = 0;
		};
		4F11FD581F25D3F200BDAFBB /* Build configuration list for PBXNativeTarget "SqliteModelTests" */ = {
			isa = XCConfigurationList;
			buildConfigurations = (
				4F11FD591F25D3F200BDAFBB /* Debug */,
				4F11FD5A1F25D3F200BDAFBB /* Release */,
			);
			defaultConfigurationIsVisible = 0;
		};
/* End XCConfigurationList section */
	};
	rootObject = 4F11FD2B1F25D3F200BDAFBB /* Project object */;
}
